// !$*UTF8*$!
{
	archiveVersion = 1;
	classes = {
	};
	objectVersion = 46;
	objects = {

/* Begin PBXBuildFile section */
		7F5CEBB71A4F07E100FB3688 /* Letter.m in Sources */ = {isa = PBXBuildFile; fileRef = 7F5CEBB61A4F07E100FB3688 /* Letter.m */; };
		7F5CEBBB1A4F195900FB3688 /* Paper.m in Sources */ = {isa = PBXBuildFile; fileRef = 7F5CEBBA1A4F195900FB3688 /* Paper.m */; };
		7F5CEBBD1A4F470B00FB3688 /* Colors.plist in Resources */ = {isa = PBXBuildFile; fileRef = 7F5CEBBC1A4F470B00FB3688 /* Colors.plist */; };
		7F5CEBC01A4F5EE300FB3688 /* SingleLetter.m in Sources */ = {isa = PBXBuildFile; fileRef = 7F5CEBBF1A4F5EE300FB3688 /* SingleLetter.m */; };
		7F6B3C411A3E3C1700DA21F5 /* main.m in Sources */ = {isa = PBXBuildFile; fileRef = 7F6B3C401A3E3C1700DA21F5 /* main.m */; };
		7F6B3C441A3E3C1700DA21F5 /* AppDelegate.m in Sources */ = {isa = PBXBuildFile; fileRef = 7F6B3C431A3E3C1700DA21F5 /* AppDelegate.m */; };
		7F6B3C471A3E3C1700DA21F5 /* ViewController.m in Sources */ = {isa = PBXBuildFile; fileRef = 7F6B3C461A3E3C1700DA21F5 /* ViewController.m */; };
		7F6B3C4A1A3E3C1700DA21F5 /* Main.storyboard in Resources */ = {isa = PBXBuildFile; fileRef = 7F6B3C481A3E3C1700DA21F5 /* Main.storyboard */; };
		7F6B3C4C1A3E3C1700DA21F5 /* Images.xcassets in Resources */ = {isa = PBXBuildFile; fileRef = 7F6B3C4B1A3E3C1700DA21F5 /* Images.xcassets */; };
		7F6B3C4F1A3E3C1700DA21F5 /* LaunchScreen.xib in Resources */ = {isa = PBXBuildFile; fileRef = 7F6B3C4D1A3E3C1700DA21F5 /* LaunchScreen.xib */; };
		7F6B3C5B1A3E3C1700DA21F5 /* KernGameTests.m in Sources */ = {isa = PBXBuildFile; fileRef = 7F6B3C5A1A3E3C1700DA21F5 /* KernGameTests.m */; };
/* End PBXBuildFile section */

/* Begin PBXContainerItemProxy section */
		7F6B3C551A3E3C1700DA21F5 /* PBXContainerItemProxy */ = {
			isa = PBXContainerItemProxy;
			containerPortal = 7F6B3C331A3E3C1700DA21F5 /* Project object */;
			proxyType = 1;
			remoteGlobalIDString = 7F6B3C3A1A3E3C1700DA21F5;
			remoteInfo = KernGame;
		};
/* End PBXContainerItemProxy section */

/* Begin PBXFileReference section */
		7F5CEBB61A4F07E100FB3688 /* Letter.m */ = {isa = PBXFileReference; fileEncoding = 4; lastKnownFileType = sourcecode.c.objc; path = Letter.m; sourceTree = "<group>"; };
		7F5CEBB81A4F07EA00FB3688 /* Letter.h */ = {isa = PBXFileReference; lastKnownFileType = sourcecode.c.h; path = Letter.h; sourceTree = "<group>"; };
		7F5CEBB91A4F195900FB3688 /* Paper.h */ = {isa = PBXFileReference; fileEncoding = 4; lastKnownFileType = sourcecode.c.h; path = Paper.h; sourceTree = "<group>"; };
		7F5CEBBA1A4F195900FB3688 /* Paper.m */ = {isa = PBXFileReference; fileEncoding = 4; lastKnownFileType = sourcecode.c.objc; path = Paper.m; sourceTree = "<group>"; };
		7F5CEBBC1A4F470B00FB3688 /* Colors.plist */ = {isa = PBXFileReference; fileEncoding = 4; lastKnownFileType = text.plist.xml; path = Colors.plist; sourceTree = "<group>"; };
		7F5CEBBE1A4F5EE300FB3688 /* SingleLetter.h */ = {isa = PBXFileReference; fileEncoding = 4; lastKnownFileType = sourcecode.c.h; path = SingleLetter.h; sourceTree = "<group>"; };
		7F5CEBBF1A4F5EE300FB3688 /* SingleLetter.m */ = {isa = PBXFileReference; fileEncoding = 4; lastKnownFileType = sourcecode.c.objc; path = SingleLetter.m; sourceTree = "<group>"; };
		7F6B3C3B1A3E3C1700DA21F5 /* KernGame.app */ = {isa = PBXFileReference; explicitFileType = wrapper.application; includeInIndex = 0; path = KernGame.app; sourceTree = BUILT_PRODUCTS_DIR; };
		7F6B3C3F1A3E3C1700DA21F5 /* Info.plist */ = {isa = PBXFileReference; lastKnownFileType = text.plist.xml; path = Info.plist; sourceTree = "<group>"; };
		7F6B3C401A3E3C1700DA21F5 /* main.m */ = {isa = PBXFileReference; lastKnownFileType = sourcecode.c.objc; path = main.m; sourceTree = "<group>"; };
		7F6B3C421A3E3C1700DA21F5 /* AppDelegate.h */ = {isa = PBXFileReference; lastKnownFileType = sourcecode.c.h; path = AppDelegate.h; sourceTree = "<group>"; };
		7F6B3C431A3E3C1700DA21F5 /* AppDelegate.m */ = {isa = PBXFileReference; lastKnownFileType = sourcecode.c.objc; path = AppDelegate.m; sourceTree = "<group>"; };
		7F6B3C451A3E3C1700DA21F5 /* ViewController.h */ = {isa = PBXFileReference; lastKnownFileType = sourcecode.c.h; path = ViewController.h; sourceTree = "<group>"; };
		7F6B3C461A3E3C1700DA21F5 /* ViewController.m */ = {isa = PBXFileReference; lastKnownFileType = sourcecode.c.objc; path = ViewController.m; sourceTree = "<group>"; };
		7F6B3C491A3E3C1700DA21F5 /* Base */ = {isa = PBXFileReference; lastKnownFileType = file.storyboard; name = Base; path = Base.lproj/Main.storyboard; sourceTree = "<group>"; };
		7F6B3C4B1A3E3C1700DA21F5 /* Images.xcassets */ = {isa = PBXFileReference; lastKnownFileType = folder.assetcatalog; path = Images.xcassets; sourceTree = "<group>"; };
		7F6B3C4E1A3E3C1700DA21F5 /* Base */ = {isa = PBXFileReference; lastKnownFileType = file.xib; name = Base; path = Base.lproj/LaunchScreen.xib; sourceTree = "<group>"; };
		7F6B3C541A3E3C1700DA21F5 /* KernGameTests.xctest */ = {isa = PBXFileReference; explicitFileType = wrapper.cfbundle; includeInIndex = 0; path = KernGameTests.xctest; sourceTree = BUILT_PRODUCTS_DIR; };
		7F6B3C591A3E3C1700DA21F5 /* Info.plist */ = {isa = PBXFileReference; lastKnownFileType = text.plist.xml; path = Info.plist; sourceTree = "<group>"; };
		7F6B3C5A1A3E3C1700DA21F5 /* KernGameTests.m */ = {isa = PBXFileReference; lastKnownFileType = sourcecode.c.objc; path = KernGameTests.m; sourceTree = "<group>"; };
/* End PBXFileReference section */

/* Begin PBXFrameworksBuildPhase section */
		7F6B3C381A3E3C1700DA21F5 /* Frameworks */ = {
			isa = PBXFrameworksBuildPhase;
			buildActionMask = 2147483647;
			files = (
			);
			runOnlyForDeploymentPostprocessing = 0;
		};
		7F6B3C511A3E3C1700DA21F5 /* Frameworks */ = {
			isa = PBXFrameworksBuildPhase;
			buildActionMask = 2147483647;
			files = (
			);
			runOnlyForDeploymentPostprocessing = 0;
		};
/* End PBXFrameworksBuildPhase section */

/* Begin PBXGroup section */
		7F6B3C321A3E3C1700DA21F5 = {
			isa = PBXGroup;
			children = (
				7F6B3C3D1A3E3C1700DA21F5 /* KernGame */,
				7F6B3C571A3E3C1700DA21F5 /* KernGameTests */,
				7F6B3C3C1A3E3C1700DA21F5 /* Products */,
			);
			sourceTree = "<group>";
		};
		7F6B3C3C1A3E3C1700DA21F5 /* Products */ = {
			isa = PBXGroup;
			children = (
				7F6B3C3B1A3E3C1700DA21F5 /* KernGame.app */,
				7F6B3C541A3E3C1700DA21F5 /* KernGameTests.xctest */,
			);
			name = Products;
			sourceTree = "<group>";
		};
		7F6B3C3D1A3E3C1700DA21F5 /* KernGame */ = {
			isa = PBXGroup;
			children = (
				7F6B3C421A3E3C1700DA21F5 /* AppDelegate.h */,
				7F6B3C431A3E3C1700DA21F5 /* AppDelegate.m */,
				7F6B3C451A3E3C1700DA21F5 /* ViewController.h */,
				7F6B3C461A3E3C1700DA21F5 /* ViewController.m */,
				7F5CEBB91A4F195900FB3688 /* Paper.h */,
				7F5CEBBA1A4F195900FB3688 /* Paper.m */,
				7F5CEBB81A4F07EA00FB3688 /* Letter.h */,
				7F5CEBB61A4F07E100FB3688 /* Letter.m */,
				7F5CEBBE1A4F5EE300FB3688 /* SingleLetter.h */,
				7F5CEBBF1A4F5EE300FB3688 /* SingleLetter.m */,
				7F5CEBBC1A4F470B00FB3688 /* Colors.plist */,
				7F6B3C481A3E3C1700DA21F5 /* Main.storyboard */,
				7F6B3C4B1A3E3C1700DA21F5 /* Images.xcassets */,
				7F6B3C4D1A3E3C1700DA21F5 /* LaunchScreen.xib */,
				7F6B3C3E1A3E3C1700DA21F5 /* Supporting Files */,
			);
			path = KernGame;
			sourceTree = "<group>";
		};
		7F6B3C3E1A3E3C1700DA21F5 /* Supporting Files */ = {
			isa = PBXGroup;
			children = (
				7F6B3C3F1A3E3C1700DA21F5 /* Info.plist */,
				7F6B3C401A3E3C1700DA21F5 /* main.m */,
			);
			name = "Supporting Files";
			sourceTree = "<group>";
		};
		7F6B3C571A3E3C1700DA21F5 /* KernGameTests */ = {
			isa = PBXGroup;
			children = (
				7F6B3C5A1A3E3C1700DA21F5 /* KernGameTests.m */,
				7F6B3C581A3E3C1700DA21F5 /* Supporting Files */,
			);
			path = KernGameTests;
			sourceTree = "<group>";
		};
		7F6B3C581A3E3C1700DA21F5 /* Supporting Files */ = {
			isa = PBXGroup;
			children = (
				7F6B3C591A3E3C1700DA21F5 /* Info.plist */,
			);
			name = "Supporting Files";
			sourceTree = "<group>";
		};
/* End PBXGroup section */

/* Begin PBXNativeTarget section */
		7F6B3C3A1A3E3C1700DA21F5 /* KernGame */ = {
			isa = PBXNativeTarget;
			buildConfigurationList = 7F6B3C5E1A3E3C1700DA21F5 /* Build configuration list for PBXNativeTarget "KernGame" */;
			buildPhases = (
				7F6B3C371A3E3C1700DA21F5 /* Sources */,
				7F6B3C381A3E3C1700DA21F5 /* Frameworks */,
				7F6B3C391A3E3C1700DA21F5 /* Resources */,
			);
			buildRules = (
			);
			dependencies = (
			);
			name = KernGame;
			productName = KernGame;
			productReference = 7F6B3C3B1A3E3C1700DA21F5 /* KernGame.app */;
			productType = "com.apple.product-type.application";
		};
		7F6B3C531A3E3C1700DA21F5 /* KernGameTests */ = {
			isa = PBXNativeTarget;
			buildConfigurationList = 7F6B3C611A3E3C1700DA21F5 /* Build configuration list for PBXNativeTarget "KernGameTests" */;
			buildPhases = (
				7F6B3C501A3E3C1700DA21F5 /* Sources */,
				7F6B3C511A3E3C1700DA21F5 /* Frameworks */,
				7F6B3C521A3E3C1700DA21F5 /* Resources */,
			);
			buildRules = (
			);
			dependencies = (
				7F6B3C561A3E3C1700DA21F5 /* PBXTargetDependency */,
			);
			name = KernGameTests;
			productName = KernGameTests;
			productReference = 7F6B3C541A3E3C1700DA21F5 /* KernGameTests.xctest */;
			productType = "com.apple.product-type.bundle.unit-test";
		};
/* End PBXNativeTarget section */

/* Begin PBXProject section */
		7F6B3C331A3E3C1700DA21F5 /* Project object */ = {
			isa = PBXProject;
			attributes = {
				LastUpgradeCheck = 0610;
				ORGANIZATIONNAME = "White Shoe Media";
				TargetAttributes = {
					7F6B3C3A1A3E3C1700DA21F5 = {
						CreatedOnToolsVersion = 6.1.1;
					};
					7F6B3C531A3E3C1700DA21F5 = {
						CreatedOnToolsVersion = 6.1.1;
						TestTargetID = 7F6B3C3A1A3E3C1700DA21F5;
					};
				};
			};
			buildConfigurationList = 7F6B3C361A3E3C1700DA21F5 /* Build configuration list for PBXProject "KernGame" */;
			compatibilityVersion = "Xcode 3.2";
			developmentRegion = English;
			hasScannedForEncodings = 0;
			knownRegions = (
				en,
				Base,
			);
			mainGroup = 7F6B3C321A3E3C1700DA21F5;
			productRefGroup = 7F6B3C3C1A3E3C1700DA21F5 /* Products */;
			projectDirPath = "";
			projectRoot = "";
			targets = (
				7F6B3C3A1A3E3C1700DA21F5 /* KernGame */,
				7F6B3C531A3E3C1700DA21F5 /* KernGameTests */,
			);
		};
/* End PBXProject section */

/* Begin PBXResourcesBuildPhase section */
		7F6B3C391A3E3C1700DA21F5 /* Resources */ = {
			isa = PBXResourcesBuildPhase;
			buildActionMask = 2147483647;
			files = (
				7F5CEBBD1A4F470B00FB3688 /* Colors.plist in Resources */,
				7F6B3C4A1A3E3C1700DA21F5 /* Main.storyboard in Resources */,
				7F6B3C4F1A3E3C1700DA21F5 /* LaunchScreen.xib in Resources */,
				7F6B3C4C1A3E3C1700DA21F5 /* Images.xcassets in Resources */,
			);
			runOnlyForDeploymentPostprocessing = 0;
		};
		7F6B3C521A3E3C1700DA21F5 /* Resources */ = {
			isa = PBXResourcesBuildPhase;
			buildActionMask = 2147483647;
			files = (
			);
			runOnlyForDeploymentPostprocessing = 0;
		};
/* End PBXResourcesBuildPhase section */

/* Begin PBXSourcesBuildPhase section */
		7F6B3C371A3E3C1700DA21F5 /* Sources */ = {
			isa = PBXSourcesBuildPhase;
			buildActionMask = 2147483647;
			files = (
				7F6B3C471A3E3C1700DA21F5 /* ViewController.m in Sources */,
				7F6B3C441A3E3C1700DA21F5 /* AppDelegate.m in Sources */,
				7F6B3C411A3E3C1700DA21F5 /* main.m in Sources */,
				7F5CEBC01A4F5EE300FB3688 /* SingleLetter.m in Sources */,
				7F5CEBB71A4F07E100FB3688 /* Letter.m in Sources */,
				7F5CEBBB1A4F195900FB3688 /* Paper.m in Sources */,
			);
			runOnlyForDeploymentPostprocessing = 0;
		};
		7F6B3C501A3E3C1700DA21F5 /* Sources */ = {
			isa = PBXSourcesBuildPhase;
			buildActionMask = 2147483647;
			files = (
				7F6B3C5B1A3E3C1700DA21F5 /* KernGameTests.m in Sources */,
			);
			runOnlyForDeploymentPostprocessing = 0;
		};
/* End PBXSourcesBuildPhase section */

/* Begin PBXTargetDependency section */
		7F6B3C561A3E3C1700DA21F5 /* PBXTargetDependency */ = {
			isa = PBXTargetDependency;
			target = 7F6B3C3A1A3E3C1700DA21F5 /* KernGame */;
			targetProxy = 7F6B3C551A3E3C1700DA21F5 /* PBXContainerItemProxy */;
		};
/* End PBXTargetDependency section */

/* Begin PBXVariantGroup section */
		7F6B3C481A3E3C1700DA21F5 /* Main.storyboard */ = {
			isa = PBXVariantGroup;
			children = (
				7F6B3C491A3E3C1700DA21F5 /* Base */,
			);
			name = Main.storyboard;
			sourceTree = "<group>";
		};
		7F6B3C4D1A3E3C1700DA21F5 /* LaunchScreen.xib */ = {
			isa = PBXVariantGroup;
			children = (
				7F6B3C4E1A3E3C1700DA21F5 /* Base */,
			);
			name = LaunchScreen.xib;
			sourceTree = "<group>";
		};
/* End PBXVariantGroup section */

/* Begin XCBuildConfiguration section */
		7F6B3C5C1A3E3C1700DA21F5 /* Debug */ = {
			isa = XCBuildConfiguration;
			buildSettings = {
				ALWAYS_SEARCH_USER_PATHS = NO;
				CLANG_CXX_LANGUAGE_STANDARD = "gnu++0x";
				CLANG_CXX_LIBRARY = "libc++";
				CLANG_ENABLE_MODULES = YES;
				CLANG_ENABLE_OBJC_ARC = YES;
				CLANG_WARN_BOOL_CONVERSION = YES;
				CLANG_WARN_CONSTANT_CONVERSION = YES;
				CLANG_WARN_DIRECT_OBJC_ISA_USAGE = YES_ERROR;
				CLANG_WARN_EMPTY_BODY = YES;
				CLANG_WARN_ENUM_CONVERSION = YES;
				CLANG_WARN_INT_CONVERSION = YES;
				CLANG_WARN_OBJC_ROOT_CLASS = YES_ERROR;
				CLANG_WARN_UNREACHABLE_CODE = YES;
				CLANG_WARN__DUPLICATE_METHOD_MATCH = YES;
				"CODE_SIGN_IDENTITY[sdk=iphoneos*]" = "iPhone Developer";
				COPY_PHASE_STRIP = NO;
				ENABLE_STRICT_OBJC_MSGSEND = YES;
				GCC_C_LANGUAGE_STANDARD = gnu99;
				GCC_DYNAMIC_NO_PIC = NO;
				GCC_OPTIMIZATION_LEVEL = 0;
				GCC_PREPROCESSOR_DEFINITIONS = (
					"DEBUG=1",
					"$(inherited)",
				);
				GCC_SYMBOLS_PRIVATE_EXTERN = NO;
				GCC_WARN_64_TO_32_BIT_CONVERSION = YES;
				GCC_WARN_ABOUT_RETURN_TYPE = YES_ERROR;
				GCC_WARN_UNDECLARED_SELECTOR = YES;
				GCC_WARN_UNINITIALIZED_AUTOS = YES_AGGRESSIVE;
				GCC_WARN_UNUSED_FUNCTION = YES;
				GCC_WARN_UNUSED_VARIABLE = YES;
				IPHONEOS_DEPLOYMENT_TARGET = 8.1;
				MTL_ENABLE_DEBUG_INFO = YES;
				ONLY_ACTIVE_ARCH = YES;
				SDKROOT = iphoneos;
				TARGETED_DEVICE_FAMILY = "1,2";
			};
			name = Debug;
		};
		7F6B3C5D1A3E3C1700DA21F5 /* Release */ = {
			isa = XCBuildConfiguration;
			buildSettings = {
				ALWAYS_SEARCH_USER_PATHS = NO;
				CLANG_CXX_LANGUAGE_STANDARD = "gnu++0x";
				CLANG_CXX_LIBRARY = "libc++";
				CLANG_ENABLE_MODULES = YES;
				CLANG_ENABLE_OBJC_ARC = YES;
				CLANG_WARN_BOOL_CONVERSION = YES;
				CLANG_WARN_CONSTANT_CONVERSION = YES;
				CLANG_WARN_DIRECT_OBJC_ISA_USAGE = YES_ERROR;
				CLANG_WARN_EMPTY_BODY = YES;
				CLANG_WARN_ENUM_CONVERSION = YES;
				CLANG_WARN_INT_CONVERSION = YES;
				CLANG_WARN_OBJC_ROOT_CLASS = YES_ERROR;
				CLANG_WARN_UNREACHABLE_CODE = YES;
				CLANG_WARN__DUPLICATE_METHOD_MATCH = YES;
				"CODE_SIGN_IDENTITY[sdk=iphoneos*]" = "iPhone Developer";
				COPY_PHASE_STRIP = YES;
				ENABLE_NS_ASSERTIONS = NO;
				ENABLE_STRICT_OBJC_MSGSEND = YES;
				GCC_C_LANGUAGE_STANDARD = gnu99;
				GCC_WARN_64_TO_32_BIT_CONVERSION = YES;
				GCC_WARN_ABOUT_RETURN_TYPE = YES_ERROR;
				GCC_WARN_UNDECLARED_SELECTOR = YES;
				GCC_WARN_UNINITIALIZED_AUTOS = YES_AGGRESSIVE;
				GCC_WARN_UNUSED_FUNCTION = YES;
				GCC_WARN_UNUSED_VARIABLE = YES;
				IPHONEOS_DEPLOYMENT_TARGET = 8.1;
				MTL_ENABLE_DEBUG_INFO = NO;
				SDKROOT = iphoneos;
				TARGETED_DEVICE_FAMILY = "1,2";
				VALIDATE_PRODUCT = YES;
			};
			name = Release;
		};
		7F6B3C5F1A3E3C1700DA21F5 /* Debug */ = {
			isa = XCBuildConfiguration;
			buildSettings = {
				ASSETCATALOG_COMPILER_APPICON_NAME = AppIcon;
				INFOPLIST_FILE = KernGame/Info.plist;
				LD_RUNPATH_SEARCH_PATHS = "$(inherited) @executable_path/Frameworks";
				PRODUCT_NAME = "$(TARGET_NAME)";
			};
			name = Debug;
		};
		7F6B3C601A3E3C1700DA21F5 /* Release */ = {
			isa = XCBuildConfiguration;
			buildSettings = {
				ASSETCATALOG_COMPILER_APPICON_NAME = AppIcon;
				INFOPLIST_FILE = KernGame/Info.plist;
				LD_RUNPATH_SEARCH_PATHS = "$(inherited) @executable_path/Frameworks";
				PRODUCT_NAME = "$(TARGET_NAME)";
			};
			name = Release;
		};
		7F6B3C621A3E3C1700DA21F5 /* Debug */ = {
			isa = XCBuildConfiguration;
			buildSettings = {
				BUNDLE_LOADER = "$(TEST_HOST)";
				FRAMEWORK_SEARCH_PATHS = (
					"$(SDKROOT)/Developer/Library/Frameworks",
					"$(inherited)",
				);
				GCC_PREPROCESSOR_DEFINITIONS = (
					"DEBUG=1",
					"$(inherited)",
				);
				INFOPLIST_FILE = KernGameTests/Info.plist;
				LD_RUNPATH_SEARCH_PATHS = "$(inherited) @executable_path/Frameworks @loader_path/Frameworks";
				PRODUCT_NAME = "$(TARGET_NAME)";
				TEST_HOST = "$(BUILT_PRODUCTS_DIR)/KernGame.app/KernGame";
			};
			name = Debug;
		};
		7F6B3C631A3E3C1700DA21F5 /* Release */ = {
			isa = XCBuildConfiguration;
			buildSettings = {
				BUNDLE_LOADER = "$(TEST_HOST)";
				FRAMEWORK_SEARCH_PATHS = (
					"$(SDKROOT)/Developer/Library/Frameworks",
					"$(inherited)",
				);
				INFOPLIST_FILE = KernGameTests/Info.plist;
				LD_RUNPATH_SEARCH_PATHS = "$(inherited) @executable_path/Frameworks @loader_path/Frameworks";
				PRODUCT_NAME = "$(TARGET_NAME)";
				TEST_HOST = "$(BUILT_PRODUCTS_DIR)/KernGame.app/KernGame";
			};
			name = Release;
		};
/* End XCBuildConfiguration section */

/* Begin XCConfigurationList section */
		7F6B3C361A3E3C1700DA21F5 /* Build configuration list for PBXProject "KernGame" */ = {
			isa = XCConfigurationList;
			buildConfigurations = (
				7F6B3C5C1A3E3C1700DA21F5 /* Debug */,
				7F6B3C5D1A3E3C1700DA21F5 /* Release */,
			);
			defaultConfigurationIsVisible = 0;
			defaultConfigurationName = Release;
		};
		7F6B3C5E1A3E3C1700DA21F5 /* Build configuration list for PBXNativeTarget "KernGame" */ = {
			isa = XCConfigurationList;
			buildConfigurations = (
				7F6B3C5F1A3E3C1700DA21F5 /* Debug */,
				7F6B3C601A3E3C1700DA21F5 /* Release */,
			);
			defaultConfigurationIsVisible = 0;
			defaultConfigurationName = Release;
		};
		7F6B3C611A3E3C1700DA21F5 /* Build configuration list for PBXNativeTarget "KernGameTests" */ = {
			isa = XCConfigurationList;
			buildConfigurations = (
				7F6B3C621A3E3C1700DA21F5 /* Debug */,
				7F6B3C631A3E3C1700DA21F5 /* Release */,
			);
			defaultConfigurationIsVisible = 0;
			defaultConfigurationName = Release;
		};
/* End XCConfigurationList section */
	};
	rootObject = 7F6B3C331A3E3C1700DA21F5 /* Project object */;
}
